{
  "name": "undici-stream-testcase",
  "version": "1.0.0",
  "lockfileVersion": 1,
  "requires": true,
  "dependencies": {
    "undici": {
      "version": "4.12.1",
      "resolved": "https://registry.npmjs.org/undici/-/undici-4.12.1.tgz",
      "integrity": "sha512-MSfap7YiQJqTPP12C11PFRs9raZuVicDbwsZHTjB0a8+SsCqt7KdUis54f373yf7ZFhJzAkGJLaKm0202OIxHg=="
    }
  }
}
